PODS:
  - ReactiveSwift (3.0.0):
    - Result (~> 3.2)
  - Result (3.2.4)

DEPENDENCIES:
  - ReactiveSwift
  - Result

SPEC REPOS:
  trunk:
    - ReactiveSwift
    - Result

SPEC CHECKSUMS:
  ReactiveSwift: d9fe0db33c1aaabecb092e8de83cf52875c0de6f
  Result: d2d07204ce72856f1fd9130bbe42c35a7b0fea10

PODFILE CHECKSUM: 4484fbda11c59ce6c78c88d98ed24c7515b5d1c9

COCOAPODS: 1.8.4
