// !$*UTF8*$!
{
	archiveVersion = 1;
	classes = {
	};
	objectVersion = 48;
	objects = {

/* Begin PBXBuildFile section */
		0A13969D20227B88007C2A83 /* PlaygroundExamples.framework in Frameworks */ = {isa = PBXBuildFile; fileRef = 0A13969320227B87007C2A83 /* PlaygroundExamples.framework */; };
		0A1396A220227B88007C2A83 /* PlaygroundExamplesTests.swift in Sources */ = {isa = PBXBuildFile; fileRef = 0A1396A120227B88007C2A83 /* PlaygroundExamplesTests.swift */; };
		0A1396A420227B88007C2A83 /* PlaygroundExamples.h in Headers */ = {isa = PBXBuildFile; fileRef = 0A13969620227B87007C2A83 /* PlaygroundExamples.h */; settings = {ATTRIBUTES = (Public, ); }; };
		0A7AFB05202B9A06001D7CB3 /* After.swift in Sources */ = {isa = PBXBuildFile; fileRef = 0A7AFB04202B9A06001D7CB3 /* After.swift */; };
		77B9C626DC058E5254A1F448 /* Pods_PlaygroundExamples.framework in Frameworks */ = {isa = PBXBuildFile; fileRef = D71A530D8EB9A530358D84D0 /* Pods_PlaygroundExamples.framework */; };
		EA952BE9CC63C07B8381A055 /* Pods_PlaygroundExamplesTests.framework in Frameworks */ = {isa = PBXBuildFile; fileRef = D02B1D61ACF406F8EB630B9B /* Pods_PlaygroundExamplesTests.framework */; };
/* End PBXBuildFile section */

/* Begin PBXContainerItemProxy section */
		0A13969E20227B88007C2A83 /* PBXContainerItemProxy */ = {
			isa = PBXContainerItemProxy;
			containerPortal = 0A13968A20227B87007C2A83 /* Project object */;
			proxyType = 1;
			remoteGlobalIDString = 0A13969220227B87007C2A83;
			remoteInfo = PlaygroundExamples;
		};
/* End PBXContainerItemProxy section */

/* Begin PBXFileReference section */
		0A13969320227B87007C2A83 /* PlaygroundExamples.framework */ = {isa = PBXFileReference; explicitFileType = wrapper.framework; includeInIndex = 0; path = PlaygroundExamples.framework; sourceTree = BUILT_PRODUCTS_DIR; };
		0A13969620227B87007C2A83 /* PlaygroundExamples.h */ = {isa = PBXFileReference; lastKnownFileType = sourcecode.c.h; path = PlaygroundExamples.h; sourceTree = "<group>"; };
		0A13969720227B87007C2A83 /* Info.plist */ = {isa = PBXFileReference; lastKnownFileType = text.plist.xml; path = Info.plist; sourceTree = "<group>"; };
		0A13969C20227B88007C2A83 /* PlaygroundExamplesTests.xctest */ = {isa = PBXFileReference; explicitFileType = wrapper.cfbundle; includeInIndex = 0; path = PlaygroundExamplesTests.xctest; sourceTree = BUILT_PRODUCTS_DIR; };
		0A1396A120227B88007C2A83 /* PlaygroundExamplesTests.swift */ = {isa = PBXFileReference; lastKnownFileType = sourcecode.swift; path = PlaygroundExamplesTests.swift; sourceTree = "<group>"; };
		0A1396A320227B88007C2A83 /* Info.plist */ = {isa = PBXFileReference; lastKnownFileType = text.plist.xml; path = Info.plist; sourceTree = "<group>"; };
		0A1396AE20227D1A007C2A83 /* Map.playground */ = {isa = PBXFileReference; lastKnownFileType = file.playground; path = Map.playground; sourceTree = "<group>"; xcLanguageSpecificationIdentifier = xcode.lang.swift; };
		0A6C29ED2023C8A90065D140 /* CombineLatest.playground */ = {isa = PBXFileReference; lastKnownFileType = file.playground; path = CombineLatest.playground; sourceTree = "<group>"; };
		0A6C29EF2023C8AA0065D140 /* Materialize.playground */ = {isa = PBXFileReference; lastKnownFileType = file.playground; path = Materialize.playground; sourceTree = "<group>"; };
		0A6C29F02023C8AA0065D140 /* Scan.playground */ = {isa = PBXFileReference; lastKnownFileType = file.playground; path = Scan.playground; sourceTree = "<group>"; };
		0A6C29F12023C8AB0065D140 /* Filter.playground */ = {isa = PBXFileReference; lastKnownFileType = file.playground; path = Filter.playground; sourceTree = "<group>"; };
		0A7085F82023C965005D7E27 /* WithLatest.playground */ = {isa = PBXFileReference; lastKnownFileType = file.playground; path = WithLatest.playground; sourceTree = "<group>"; };
		0A7085F92023C971005D7E27 /* SignalsAndSignalProducers.playground */ = {isa = PBXFileReference; lastKnownFileType = file.playground; path = SignalsAndSignalProducers.playground; sourceTree = "<group>"; };
		0A7AFB03202B97DD001D7CB3 /* ErrorHandling.playground */ = {isa = PBXFileReference; lastKnownFileType = file.playground; path = ErrorHandling.playground; sourceTree = "<group>"; };
		0A7AFB04202B9A06001D7CB3 /* After.swift */ = {isa = PBXFileReference; lastKnownFileType = sourcecode.swift; path = After.swift; sourceTree = "<group>"; };
		2D713EFDA77A5975727B3C12 /* Pods-PlaygroundExamplesTests.release.xcconfig */ = {isa = PBXFileReference; includeInIndex = 1; lastKnownFileType = text.xcconfig; name = "Pods-PlaygroundExamplesTests.release.xcconfig"; path = "Pods/Target Support Files/Pods-PlaygroundExamplesTests/Pods-PlaygroundExamplesTests.release.xcconfig"; sourceTree = "<group>"; };
		5D5B7467616752D03D255CD0 /* Pods-PlaygroundExamples.release.xcconfig */ = {isa = PBXFileReference; includeInIndex = 1; lastKnownFileType = text.xcconfig; name = "Pods-PlaygroundExamples.release.xcconfig"; path = "Pods/Target Support Files/Pods-PlaygroundExamples/Pods-PlaygroundExamples.release.xcconfig"; sourceTree = "<group>"; };
		6B2531BBF8600795F46B190A /* Pods-PlaygroundExamplesTests.debug.xcconfig */ = {isa = PBXFileReference; includeInIndex = 1; lastKnownFileType = text.xcconfig; name = "Pods-PlaygroundExamplesTests.debug.xcconfig"; path = "Pods/Target Support Files/Pods-PlaygroundExamplesTests/Pods-PlaygroundExamplesTests.debug.xcconfig"; sourceTree = "<group>"; };
		7AA95C3A5997264BC587B4E9 /* Pods-PlaygroundExamples.debug.xcconfig */ = {isa = PBXFileReference; includeInIndex = 1; lastKnownFileType = text.xcconfig; name = "Pods-PlaygroundExamples.debug.xcconfig"; path = "Pods/Target Support Files/Pods-PlaygroundExamples/Pods-PlaygroundExamples.debug.xcconfig"; sourceTree = "<group>"; };
		D02B1D61ACF406F8EB630B9B /* Pods_PlaygroundExamplesTests.framework */ = {isa = PBXFileReference; explicitFileType = wrapper.framework; includeInIndex = 0; path = Pods_PlaygroundExamplesTests.framework; sourceTree = BUILT_PRODUCTS_DIR; };
		D71A530D8EB9A530358D84D0 /* Pods_PlaygroundExamples.framework */ = {isa = PBXFileReference; explicitFileType = wrapper.framework; includeInIndex = 0; path = Pods_PlaygroundExamples.framework; sourceTree = BUILT_PRODUCTS_DIR; };
/* End PBXFileReference section */

/* Begin PBXFrameworksBuildPhase section */
		0A13968F20227B87007C2A83 /* Frameworks */ = {
			isa = PBXFrameworksBuildPhase;
			buildActionMask = 2147483647;
			files = (
				77B9C626DC058E5254A1F448 /* Pods_PlaygroundExamples.framework in Frameworks */,
			);
			runOnlyForDeploymentPostprocessing = 0;
		};
		0A13969920227B88007C2A83 /* Frameworks */ = {
			isa = PBXFrameworksBuildPhase;
			buildActionMask = 2147483647;
			files = (
				0A13969D20227B88007C2A83 /* PlaygroundExamples.framework in Frameworks */,
				EA952BE9CC63C07B8381A055 /* Pods_PlaygroundExamplesTests.framework in Frameworks */,
			);
			runOnlyForDeploymentPostprocessing = 0;
		};
/* End PBXFrameworksBuildPhase section */

/* Begin PBXGroup section */
		0A13968920227B87007C2A83 = {
			isa = PBXGroup;
			children = (
				0A13969520227B87007C2A83 /* PlaygroundExamples */,
				0A1396A020227B88007C2A83 /* PlaygroundExamplesTests */,
				0A13969420227B87007C2A83 /* Products */,
				198488DB5FB5CF74380359B0 /* Pods */,
				8E1C115A6FEC803D4946772F /* Frameworks */,
			);
			sourceTree = "<group>";
		};
		0A13969420227B87007C2A83 /* Products */ = {
			isa = PBXGroup;
			children = (
				0A13969320227B87007C2A83 /* PlaygroundExamples.framework */,
				0A13969C20227B88007C2A83 /* PlaygroundExamplesTests.xctest */,
			);
			name = Products;
			sourceTree = "<group>";
		};
		0A13969520227B87007C2A83 /* PlaygroundExamples */ = {
			isa = PBXGroup;
			children = (
				0A7AFB06202B9A0C001D7CB3 /* Helpers */,
				0A7085FA2023C982005D7E27 /* Error handling */,
				0A1396AD20227CDD007C2A83 /* Signals in general */,
				0A13969620227B87007C2A83 /* PlaygroundExamples.h */,
				0A13969720227B87007C2A83 /* Info.plist */,
			);
			path = PlaygroundExamples;
			sourceTree = "<group>";
		};
		0A1396A020227B88007C2A83 /* PlaygroundExamplesTests */ = {
			isa = PBXGroup;
			children = (
				0A1396A120227B88007C2A83 /* PlaygroundExamplesTests.swift */,
				0A1396A320227B88007C2A83 /* Info.plist */,
			);
			path = PlaygroundExamplesTests;
			sourceTree = "<group>";
		};
		0A1396AD20227CDD007C2A83 /* Signals in general */ = {
			isa = PBXGroup;
			children = (
				0A6C29ED2023C8A90065D140 /* CombineLatest.playground */,
				0A6C29F12023C8AB0065D140 /* Filter.playground */,
				0A7085F82023C965005D7E27 /* WithLatest.playground */,
				0A1396AE20227D1A007C2A83 /* Map.playground */,
				0A6C29EF2023C8AA0065D140 /* Materialize.playground */,
				0A6C29F02023C8AA0065D140 /* Scan.playground */,
			);
			path = "Signals in general";
			sourceTree = "<group>";
		};
		0A7085FA2023C982005D7E27 /* Error handling */ = {
			isa = PBXGroup;
			children = (
				0A7AFB03202B97DD001D7CB3 /* ErrorHandling.playground */,
				0A7085F92023C971005D7E27 /* SignalsAndSignalProducers.playground */,
			);
			path = "Error handling";
			sourceTree = "<group>";
		};
		0A7AFB06202B9A0C001D7CB3 /* Helpers */ = {
			isa = PBXGroup;
			children = (
				0A7AFB04202B9A06001D7CB3 /* After.swift */,
			);
			name = Helpers;
			sourceTree = "<group>";
		};
		198488DB5FB5CF74380359B0 /* Pods */ = {
			isa = PBXGroup;
			children = (
				7AA95C3A5997264BC587B4E9 /* Pods-PlaygroundExamples.debug.xcconfig */,
				5D5B7467616752D03D255CD0 /* Pods-PlaygroundExamples.release.xcconfig */,
				6B2531BBF8600795F46B190A /* Pods-PlaygroundExamplesTests.debug.xcconfig */,
				2D713EFDA77A5975727B3C12 /* Pods-PlaygroundExamplesTests.release.xcconfig */,
			);
			name = Pods;
			sourceTree = "<group>";
		};
		8E1C115A6FEC803D4946772F /* Frameworks */ = {
			isa = PBXGroup;
			children = (
				D71A530D8EB9A530358D84D0 /* Pods_PlaygroundExamples.framework */,
				D02B1D61ACF406F8EB630B9B /* Pods_PlaygroundExamplesTests.framework */,
			);
			name = Frameworks;
			sourceTree = "<group>";
		};
/* End PBXGroup section */

/* Begin PBXHeadersBuildPhase section */
		0A13969020227B87007C2A83 /* Headers */ = {
			isa = PBXHeadersBuildPhase;
			buildActionMask = 2147483647;
			files = (
				0A1396A420227B88007C2A83 /* PlaygroundExamples.h in Headers */,
			);
			runOnlyForDeploymentPostprocessing = 0;
		};
/* End PBXHeadersBuildPhase section */

/* Begin PBXNativeTarget section */
		0A13969220227B87007C2A83 /* PlaygroundExamples */ = {
			isa = PBXNativeTarget;
			buildConfigurationList = 0A1396A720227B88007C2A83 /* Build configuration list for PBXNativeTarget "PlaygroundExamples" */;
			buildPhases = (
				4FA74AF62B3422991AB79B90 /* [CP] Check Pods Manifest.lock */,
				0A13968E20227B87007C2A83 /* Sources */,
				0A13968F20227B87007C2A83 /* Frameworks */,
				0A13969020227B87007C2A83 /* Headers */,
				0A13969120227B87007C2A83 /* Resources */,
			);
			buildRules = (
			);
			dependencies = (
			);
			name = PlaygroundExamples;
			productName = PlaygroundExamples;
			productReference = 0A13969320227B87007C2A83 /* PlaygroundExamples.framework */;
			productType = "com.apple.product-type.framework";
		};
		0A13969B20227B88007C2A83 /* PlaygroundExamplesTests */ = {
			isa = PBXNativeTarget;
			buildConfigurationList = 0A1396AA20227B88007C2A83 /* Build configuration list for PBXNativeTarget "PlaygroundExamplesTests" */;
			buildPhases = (
				F4C8E92C945A0C244CCD88E9 /* [CP] Check Pods Manifest.lock */,
				0A13969820227B88007C2A83 /* Sources */,
				0A13969920227B88007C2A83 /* Frameworks */,
				0A13969A20227B88007C2A83 /* Resources */,
				760C124CC601AD1F0A15F276 /* [CP] Embed Pods Frameworks */,
			);
			buildRules = (
			);
			dependencies = (
				0A13969F20227B88007C2A83 /* PBXTargetDependency */,
			);
			name = PlaygroundExamplesTests;
			productName = PlaygroundExamplesTests;
			productReference = 0A13969C20227B88007C2A83 /* PlaygroundExamplesTests.xctest */;
			productType = "com.apple.product-type.bundle.unit-test";
		};
/* End PBXNativeTarget section */

/* Begin PBXProject section */
		0A13968A20227B87007C2A83 /* Project object */ = {
			isa = PBXProject;
			attributes = {
				LastSwiftUpdateCheck = 0910;
				LastUpgradeCheck = 0910;
				ORGANIZATIONNAME = "Beining & Bogen";
				TargetAttributes = {
					0A13969220227B87007C2A83 = {
						CreatedOnToolsVersion = 9.1;
						LastSwiftMigration = 0910;
						ProvisioningStyle = Automatic;
					};
					0A13969B20227B88007C2A83 = {
						CreatedOnToolsVersion = 9.1;
						ProvisioningStyle = Automatic;
					};
				};
			};
			buildConfigurationList = 0A13968D20227B87007C2A83 /* Build configuration list for PBXProject "PlaygroundExamples" */;
			compatibilityVersion = "Xcode 8.0";
			developmentRegion = en;
			hasScannedForEncodings = 0;
			knownRegions = (
				en,
			);
			mainGroup = 0A13968920227B87007C2A83;
			productRefGroup = 0A13969420227B87007C2A83 /* Products */;
			projectDirPath = "";
			projectRoot = "";
			targets = (
				0A13969220227B87007C2A83 /* PlaygroundExamples */,
				0A13969B20227B88007C2A83 /* PlaygroundExamplesTests */,
			);
		};
/* End PBXProject section */

/* Begin PBXResourcesBuildPhase section */
		0A13969120227B87007C2A83 /* Resources */ = {
			isa = PBXResourcesBuildPhase;
			buildActionMask = 2147483647;
			files = (
			);
			runOnlyForDeploymentPostprocessing = 0;
		};
		0A13969A20227B88007C2A83 /* Resources */ = {
			isa = PBXResourcesBuildPhase;
			buildActionMask = 2147483647;
			files = (
			);
			runOnlyForDeploymentPostprocessing = 0;
		};
/* End PBXResourcesBuildPhase section */

/* Begin PBXShellScriptBuildPhase section */
		4FA74AF62B3422991AB79B90 /* [CP] Check Pods Manifest.lock */ = {
			isa = PBXShellScriptBuildPhase;
			buildActionMask = 2147483647;
			files = (
			);
			inputPaths = (
				"${PODS_PODFILE_DIR_PATH}/Podfile.lock",
				"${PODS_ROOT}/Manifest.lock",
			);
			name = "[CP] Check Pods Manifest.lock";
			outputPaths = (
				"$(DERIVED_FILE_DIR)/Pods-PlaygroundExamples-checkManifestLockResult.txt",
			);
			runOnlyForDeploymentPostprocessing = 0;
			shellPath = /bin/sh;
			shellScript = "diff \"${PODS_PODFILE_DIR_PATH}/Podfile.lock\" \"${PODS_ROOT}/Manifest.lock\" > /dev/null\nif [ $? != 0 ] ; then\n    # print error to STDERR\n    echo \"error: The sandbox is not in sync with the Podfile.lock. Run 'pod install' or update your CocoaPods installation.\" >&2\n    exit 1\nfi\n# This output is used by Xcode 'outputs' to avoid re-running this script phase.\necho \"SUCCESS\" > \"${SCRIPT_OUTPUT_FILE_0}\"\n";
			showEnvVarsInLog = 0;
		};
		760C124CC601AD1F0A15F276 /* [CP] Embed Pods Frameworks */ = {
			isa = PBXShellScriptBuildPhase;
			buildActionMask = 2147483647;
			files = (
			);
			inputPaths = (
				"${SRCROOT}/Pods/Target Support Files/Pods-PlaygroundExamplesTests/Pods-PlaygroundExamplesTests-frameworks.sh",
				"${BUILT_PRODUCTS_DIR}/ReactiveCocoa/ReactiveCocoa.framework",
				"${BUILT_PRODUCTS_DIR}/ReactiveSwift/ReactiveSwift.framework",
				"${BUILT_PRODUCTS_DIR}/Result/Result.framework",
			);
			name = "[CP] Embed Pods Frameworks";
			outputPaths = (
				"${TARGET_BUILD_DIR}/${FRAMEWORKS_FOLDER_PATH}/ReactiveCocoa.framework",
				"${TARGET_BUILD_DIR}/${FRAMEWORKS_FOLDER_PATH}/ReactiveSwift.framework",
				"${TARGET_BUILD_DIR}/${FRAMEWORKS_FOLDER_PATH}/Result.framework",
			);
			runOnlyForDeploymentPostprocessing = 0;
			shellPath = /bin/sh;
			shellScript = "\"${SRCROOT}/Pods/Target Support Files/Pods-PlaygroundExamplesTests/Pods-PlaygroundExamplesTests-frameworks.sh\"\n";
			showEnvVarsInLog = 0;
		};
		F4C8E92C945A0C244CCD88E9 /* [CP] Check Pods Manifest.lock */ = {
			isa = PBXShellScriptBuildPhase;
			buildActionMask = 2147483647;
			files = (
			);
			inputPaths = (
				"${PODS_PODFILE_DIR_PATH}/Podfile.lock",
				"${PODS_ROOT}/Manifest.lock",
			);
			name = "[CP] Check Pods Manifest.lock";
			outputPaths = (
				"$(DERIVED_FILE_DIR)/Pods-PlaygroundExamplesTests-checkManifestLockResult.txt",
			);
			runOnlyForDeploymentPostprocessing = 0;
			shellPath = /bin/sh;
			shellScript = "diff \"${PODS_PODFILE_DIR_PATH}/Podfile.lock\" \"${PODS_ROOT}/Manifest.lock\" > /dev/null\nif [ $? != 0 ] ; then\n    # print error to STDERR\n    echo \"error: The sandbox is not in sync with the Podfile.lock. Run 'pod install' or update your CocoaPods installation.\" >&2\n    exit 1\nfi\n# This output is used by Xcode 'outputs' to avoid re-running this script phase.\necho \"SUCCESS\" > \"${SCRIPT_OUTPUT_FILE_0}\"\n";
			showEnvVarsInLog = 0;
		};
/* End PBXShellScriptBuildPhase section */

/* Begin PBXSourcesBuildPhase section */
		0A13968E20227B87007C2A83 /* Sources */ = {
			isa = PBXSourcesBuildPhase;
			buildActionMask = 2147483647;
			files = (
				0A7AFB05202B9A06001D7CB3 /* After.swift in Sources */,
			);
			runOnlyForDeploymentPostprocessing = 0;
		};
		0A13969820227B88007C2A83 /* Sources */ = {
			isa = PBXSourcesBuildPhase;
			buildActionMask = 2147483647;
			files = (
				0A1396A220227B88007C2A83 /* PlaygroundExamplesTests.swift in Sources */,
			);
			runOnlyForDeploymentPostprocessing = 0;
		};
/* End PBXSourcesBuildPhase section */

/* Begin PBXTargetDependency section */
		0A13969F20227B88007C2A83 /* PBXTargetDependency */ = {
			isa = PBXTargetDependency;
			target = 0A13969220227B87007C2A83 /* PlaygroundExamples */;
			targetProxy = 0A13969E20227B88007C2A83 /* PBXContainerItemProxy */;
		};
/* End PBXTargetDependency section */

/* Begin XCBuildConfiguration section */
		0A1396A520227B88007C2A83 /* Debug */ = {
			isa = XCBuildConfiguration;
			buildSettings = {
				ALWAYS_SEARCH_USER_PATHS = NO;
				CLANG_ANALYZER_NONNULL = YES;
				CLANG_ANALYZER_NUMBER_OBJECT_CONVERSION = YES_AGGRESSIVE;
				CLANG_CXX_LANGUAGE_STANDARD = "gnu++14";
				CLANG_CXX_LIBRARY = "libc++";
				CLANG_ENABLE_MODULES = YES;
				CLANG_ENABLE_OBJC_ARC = YES;
				CLANG_WARN_BLOCK_CAPTURE_AUTORELEASING = YES;
				CLANG_WARN_BOOL_CONVERSION = YES;
				CLANG_WARN_COMMA = YES;
				CLANG_WARN_CONSTANT_CONVERSION = YES;
				CLANG_WARN_DIRECT_OBJC_ISA_USAGE = YES_ERROR;
				CLANG_WARN_DOCUMENTATION_COMMENTS = YES;
				CLANG_WARN_EMPTY_BODY = YES;
				CLANG_WARN_ENUM_CONVERSION = YES;
				CLANG_WARN_INFINITE_RECURSION = YES;
				CLANG_WARN_INT_CONVERSION = YES;
				CLANG_WARN_NON_LITERAL_NULL_CONVERSION = YES;
				CLANG_WARN_OBJC_LITERAL_CONVERSION = YES;
				CLANG_WARN_OBJC_ROOT_CLASS = YES_ERROR;
				CLANG_WARN_RANGE_LOOP_ANALYSIS = YES;
				CLANG_WARN_STRICT_PROTOTYPES = YES;
				CLANG_WARN_SUSPICIOUS_MOVE = YES;
				CLANG_WARN_UNGUARDED_AVAILABILITY = YES_AGGRESSIVE;
				CLANG_WARN_UNREACHABLE_CODE = YES;
				CLANG_WARN__DUPLICATE_METHOD_MATCH = YES;
				CODE_SIGN_IDENTITY = "iPhone Developer";
				COPY_PHASE_STRIP = NO;
				CURRENT_PROJECT_VERSION = 1;
				DEBUG_INFORMATION_FORMAT = dwarf;
				ENABLE_STRICT_OBJC_MSGSEND = YES;
				ENABLE_TESTABILITY = YES;
				GCC_C_LANGUAGE_STANDARD = gnu11;
				GCC_DYNAMIC_NO_PIC = NO;
				GCC_NO_COMMON_BLOCKS = YES;
				GCC_OPTIMIZATION_LEVEL = 0;
				GCC_PREPROCESSOR_DEFINITIONS = (
					"DEBUG=1",
					"$(inherited)",
				);
				GCC_WARN_64_TO_32_BIT_CONVERSION = YES;
				GCC_WARN_ABOUT_RETURN_TYPE = YES_ERROR;
				GCC_WARN_UNDECLARED_SELECTOR = YES;
				GCC_WARN_UNINITIALIZED_AUTOS = YES_AGGRESSIVE;
				GCC_WARN_UNUSED_FUNCTION = YES;
				GCC_WARN_UNUSED_VARIABLE = YES;
				IPHONEOS_DEPLOYMENT_TARGET = 11.1;
				MTL_ENABLE_DEBUG_INFO = YES;
				ONLY_ACTIVE_ARCH = YES;
				SDKROOT = iphoneos;
				SWIFT_ACTIVE_COMPILATION_CONDITIONS = DEBUG;
				SWIFT_OPTIMIZATION_LEVEL = "-Onone";
				VERSIONING_SYSTEM = "apple-generic";
				VERSION_INFO_PREFIX = "";
			};
			name = Debug;
		};
		0A1396A620227B88007C2A83 /* Release */ = {
			isa = XCBuildConfiguration;
			buildSettings = {
				ALWAYS_SEARCH_USER_PATHS = NO;
				CLANG_ANALYZER_NONNULL = YES;
				CLANG_ANALYZER_NUMBER_OBJECT_CONVERSION = YES_AGGRESSIVE;
				CLANG_CXX_LANGUAGE_STANDARD = "gnu++14";
				CLANG_CXX_LIBRARY = "libc++";
				CLANG_ENABLE_MODULES = YES;
				CLANG_ENABLE_OBJC_ARC = YES;
				CLANG_WARN_BLOCK_CAPTURE_AUTORELEASING = YES;
				CLANG_WARN_BOOL_CONVERSION = YES;
				CLANG_WARN_COMMA = YES;
				CLANG_WARN_CONSTANT_CONVERSION = YES;
				CLANG_WARN_DIRECT_OBJC_ISA_USAGE = YES_ERROR;
				CLANG_WARN_DOCUMENTATION_COMMENTS = YES;
				CLANG_WARN_EMPTY_BODY = YES;
				CLANG_WARN_ENUM_CONVERSION = YES;
				CLANG_WARN_INFINITE_RECURSION = YES;
				CLANG_WARN_INT_CONVERSION = YES;
				CLANG_WARN_NON_LITERAL_NULL_CONVERSION = YES;
				CLANG_WARN_OBJC_LITERAL_CONVERSION = YES;
				CLANG_WARN_OBJC_ROOT_CLASS = YES_ERROR;
				CLANG_WARN_RANGE_LOOP_ANALYSIS = YES;
				CLANG_WARN_STRICT_PROTOTYPES = YES;
				CLANG_WARN_SUSPICIOUS_MOVE = YES;
				CLANG_WARN_UNGUARDED_AVAILABILITY = YES_AGGRESSIVE;
				CLANG_WARN_UNREACHABLE_CODE = YES;
				CLANG_WARN__DUPLICATE_METHOD_MATCH = YES;
				CODE_SIGN_IDENTITY = "iPhone Developer";
				COPY_PHASE_STRIP = NO;
				CURRENT_PROJECT_VERSION = 1;
				DEBUG_INFORMATION_FORMAT = "dwarf-with-dsym";
				ENABLE_NS_ASSERTIONS = NO;
				ENABLE_STRICT_OBJC_MSGSEND = YES;
				GCC_C_LANGUAGE_STANDARD = gnu11;
				GCC_NO_COMMON_BLOCKS = YES;
				GCC_WARN_64_TO_32_BIT_CONVERSION = YES;
				GCC_WARN_ABOUT_RETURN_TYPE = YES_ERROR;
				GCC_WARN_UNDECLARED_SELECTOR = YES;
				GCC_WARN_UNINITIALIZED_AUTOS = YES_AGGRESSIVE;
				GCC_WARN_UNUSED_FUNCTION = YES;
				GCC_WARN_UNUSED_VARIABLE = YES;
				IPHONEOS_DEPLOYMENT_TARGET = 11.1;
				MTL_ENABLE_DEBUG_INFO = NO;
				SDKROOT = iphoneos;
				SWIFT_OPTIMIZATION_LEVEL = "-Owholemodule";
				VALIDATE_PRODUCT = YES;
				VERSIONING_SYSTEM = "apple-generic";
				VERSION_INFO_PREFIX = "";
			};
			name = Release;
		};
		0A1396A820227B88007C2A83 /* Debug */ = {
			isa = XCBuildConfiguration;
			baseConfigurationReference = 7AA95C3A5997264BC587B4E9 /* Pods-PlaygroundExamples.debug.xcconfig */;
			buildSettings = {
				CLANG_ENABLE_MODULES = YES;
				CODE_SIGN_IDENTITY = "";
				CODE_SIGN_STYLE = Automatic;
				DEFINES_MODULE = YES;
				DEVELOPMENT_TEAM = 5PKTA338CL;
				DYLIB_COMPATIBILITY_VERSION = 1;
				DYLIB_CURRENT_VERSION = 1;
				DYLIB_INSTALL_NAME_BASE = "@rpath";
				INFOPLIST_FILE = PlaygroundExamples/Info.plist;
				INSTALL_PATH = "$(LOCAL_LIBRARY_DIR)/Frameworks";
				LD_RUNPATH_SEARCH_PATHS = "$(inherited) @executable_path/Frameworks @loader_path/Frameworks";
				MODULE_NAME = "";
				PRODUCT_BUNDLE_IDENTIFIER = beiningbogen.PlaygroundExamples;
				PRODUCT_NAME = "$(TARGET_NAME:c99extidentifier)";
				SKIP_INSTALL = YES;
				SWIFT_OPTIMIZATION_LEVEL = "-Onone";
				SWIFT_VERSION = 4.0;
				TARGETED_DEVICE_FAMILY = "1,2";
			};
			name = Debug;
		};
		0A1396A920227B88007C2A83 /* Release */ = {
			isa = XCBuildConfiguration;
			baseConfigurationReference = 5D5B7467616752D03D255CD0 /* Pods-PlaygroundExamples.release.xcconfig */;
			buildSettings = {
				CLANG_ENABLE_MODULES = YES;
				CODE_SIGN_IDENTITY = "";
				CODE_SIGN_STYLE = Automatic;
				DEFINES_MODULE = YES;
				DEVELOPMENT_TEAM = 5PKTA338CL;
				DYLIB_COMPATIBILITY_VERSION = 1;
				DYLIB_CURRENT_VERSION = 1;
				DYLIB_INSTALL_NAME_BASE = "@rpath";
				INFOPLIST_FILE = PlaygroundExamples/Info.plist;
				INSTALL_PATH = "$(LOCAL_LIBRARY_DIR)/Frameworks";
				LD_RUNPATH_SEARCH_PATHS = "$(inherited) @executable_path/Frameworks @loader_path/Frameworks";
				MODULE_NAME = "";
				PRODUCT_BUNDLE_IDENTIFIER = beiningbogen.PlaygroundExamples;
				PRODUCT_NAME = "$(TARGET_NAME:c99extidentifier)";
				SKIP_INSTALL = YES;
				SWIFT_VERSION = 4.0;
				TARGETED_DEVICE_FAMILY = "1,2";
			};
			name = Release;
		};
		0A1396AB20227B88007C2A83 /* Debug */ = {
			isa = XCBuildConfiguration;
			baseConfigurationReference = 6B2531BBF8600795F46B190A /* Pods-PlaygroundExamplesTests.debug.xcconfig */;
			buildSettings = {
				ALWAYS_EMBED_SWIFT_STANDARD_LIBRARIES = YES;
				CODE_SIGN_STYLE = Automatic;
				DEVELOPMENT_TEAM = 5PKTA338CL;
				INFOPLIST_FILE = PlaygroundExamplesTests/Info.plist;
				LD_RUNPATH_SEARCH_PATHS = "$(inherited) @executable_path/Frameworks @loader_path/Frameworks";
				PRODUCT_BUNDLE_IDENTIFIER = beiningbogen.PlaygroundExamplesTests;
				PRODUCT_NAME = "$(TARGET_NAME)";
				SWIFT_VERSION = 4.0;
				TARGETED_DEVICE_FAMILY = "1,2";
			};
			name = Debug;
		};
		0A1396AC20227B88007C2A83 /* Release */ = {
			isa = XCBuildConfiguration;
			baseConfigurationReference = 2D713EFDA77A5975727B3C12 /* Pods-PlaygroundExamplesTests.release.xcconfig */;
			buildSettings = {
				ALWAYS_EMBED_SWIFT_STANDARD_LIBRARIES = YES;
				CODE_SIGN_STYLE = Automatic;
				DEVELOPMENT_TEAM = 5PKTA338CL;
				INFOPLIST_FILE = PlaygroundExamplesTests/Info.plist;
				LD_RUNPATH_SEARCH_PATHS = "$(inherited) @executable_path/Frameworks @loader_path/Frameworks";
				PRODUCT_BUNDLE_IDENTIFIER = beiningbogen.PlaygroundExamplesTests;
				PRODUCT_NAME = "$(TARGET_NAME)";
				SWIFT_VERSION = 4.0;
				TARGETED_DEVICE_FAMILY = "1,2";
			};
			name = Release;
		};
/* End XCBuildConfiguration section */

/* Begin XCConfigurationList section */
		0A13968D20227B87007C2A83 /* Build configuration list for PBXProject "PlaygroundExamples" */ = {
			isa = XCConfigurationList;
			buildConfigurations = (
				0A1396A520227B88007C2A83 /* Debug */,
				0A1396A620227B88007C2A83 /* Release */,
			);
			defaultConfigurationIsVisible = 0;
			defaultConfigurationName = Release;
		};
		0A1396A720227B88007C2A83 /* Build configuration list for PBXNativeTarget "PlaygroundExamples" */ = {
			isa = XCConfigurationList;
			buildConfigurations = (
				0A1396A820227B88007C2A83 /* Debug */,
				0A1396A920227B88007C2A83 /* Release */,
			);
			defaultConfigurationIsVisible = 0;
			defaultConfigurationName = Release;
		};
		0A1396AA20227B88007C2A83 /* Build configuration list for PBXNativeTarget "PlaygroundExamplesTests" */ = {
			isa = XCConfigurationList;
			buildConfigurations = (
				0A1396AB20227B88007C2A83 /* Debug */,
				0A1396AC20227B88007C2A83 /* Release */,
			);
			defaultConfigurationIsVisible = 0;
			defaultConfigurationName = Release;
		};
/* End XCConfigurationList section */
	};
	rootObject = 0A13968A20227B87007C2A83 /* Project object */;
}
